
Microsoft Visual Studio Solution File, Format Version 12.00
# Visual Studio Version 16
VisualStudioVersion = 16.0.29709.97
MinimumVisualStudioVersion = 10.0.40219.1
Project("{2150E333-8FDC-42A3-9474-1A3956D46DE8}") = "CH01", "CH01", "{DF1A337A-B5B5-4921-AE7E-9C1F31864887}"
EndProject
Project("{8BC9CEB8-8B4A-11D0-8D11-00A0C91BC942}") = "FirstApp", "FirstApp\FirstApp.vcxproj", "{EDF677B7-4C93-4C7D-9D16-3ED327EB3E9E}"
EndProject
Project("{8BC9CEB8-8B4A-11D0-8D11-00A0C91BC942}") = "TemplateTest", "TemplateTest\TemplateTest.vcxproj", "{87C62CC7-B885-4BD1-87B4-EDB5FAA07CF6}"
EndProject
Project("{8BC9CEB8-8B4A-11D0-8D11-00A0C91BC942}") = "Practice", "Practice\Practice.vcxproj", "{2233AB6C-95AF-43EB-9AAD-B83CFB1E543C}"
EndProject
Global
	GlobalSection(SolutionConfigurationPlatforms) = preSolution
		Debug|x64 = Debug|x64
		Debug|x86 = Debug|x86
		Release|x64 = Release|x64
		Release|x86 = Release|x86
	EndGlobalSection
	GlobalSection(ProjectConfigurationPlatforms) = postSolution
		{EDF677B7-4C93-4C7D-9D16-3ED327EB3E9E}.Debug|x64.ActiveCfg = Debug|x64
		{EDF677B7-4C93-4C7D-9D16-3ED327EB3E9E}.Debug|x64.Build.0 = Debug|x64
		{EDF677B7-4C93-4C7D-9D16-3ED327EB3E9E}.Debug|x86.ActiveCfg = Debug|Win32
		{EDF677B7-4C93-4C7D-9D16-3ED327EB3E9E}.Debug|x86.Build.0 = Debug|Win32
		{EDF677B7-4C93-4C7D-9D16-3ED327EB3E9E}.Release|x64.ActiveCfg = Release|x64
		{EDF677B7-4C93-4C7D-9D16-3ED327EB3E9E}.Release|x64.Build.0 = Release|x64
		{EDF677B7-4C93-4C7D-9D16-3ED327EB3E9E}.Release|x86.ActiveCfg = Release|Win32
		{EDF677B7-4C93-4C7D-9D16-3ED327EB3E9E}.Release|x86.Build.0 = Release|Win32
		{87C62CC7-B885-4BD1-87B4-EDB5FAA07CF6}.Debug|x64.ActiveCfg = Debug|x64
		{87C62CC7-B885-4BD1-87B4-EDB5FAA07CF6}.Debug|x64.Build.0 = Debug|x64
		{87C62CC7-B885-4BD1-87B4-EDB5FAA07CF6}.Debug|x86.ActiveCfg = Debug|Win32
		{87C62CC7-B885-4BD1-87B4-EDB5FAA07CF6}.Debug|x86.Build.0 = Debug|Win32
		{87C62CC7-B885-4BD1-87B4-EDB5FAA07CF6}.Release|x64.ActiveCfg = Release|x64
		{87C62CC7-B885-4BD1-87B4-EDB5FAA07CF6}.Release|x64.Build.0 = Release|x64
		{87C62CC7-B885-4BD1-87B4-EDB5FAA07CF6}.Release|x86.ActiveCfg = Release|Win32
		{87C62CC7-B885-4BD1-87B4-EDB5FAA07CF6}.Release|x86.Build.0 = Release|Win32
		{2233AB6C-95AF-43EB-9AAD-B83CFB1E543C}.Debug|x64.ActiveCfg = Debug|x64
		{2233AB6C-95AF-43EB-9AAD-B83CFB1E543C}.Debug|x64.Build.0 = Debug|x64
		{2233AB6C-95AF-43EB-9AAD-B83CFB1E543C}.Debug|x86.ActiveCfg = Debug|Win32
		{2233AB6C-95AF-43EB-9AAD-B83CFB1E543C}.Debug|x86.Build.0 = Debug|Win32
		{2233AB6C-95AF-43EB-9AAD-B83CFB1E543C}.Release|x64.ActiveCfg = Release|x64
		{2233AB6C-95AF-43EB-9AAD-B83CFB1E543C}.Release|x64.Build.0 = Release|x64
		{2233AB6C-95AF-43EB-9AAD-B83CFB1E543C}.Release|x86.ActiveCfg = Release|Win32
		{2233AB6C-95AF-43EB-9AAD-B83CFB1E543C}.Release|x86.Build.0 = Release|Win32
	EndGlobalSection
	GlobalSection(SolutionProperties) = preSolution
		HideSolutionNode = FALSE
	EndGlobalSection
	GlobalSection(NestedProjects) = preSolution
		{EDF677B7-4C93-4C7D-9D16-3ED327EB3E9E} = {DF1A337A-B5B5-4921-AE7E-9C1F31864887}
		{87C62CC7-B885-4BD1-87B4-EDB5FAA07CF6} = {DF1A337A-B5B5-4921-AE7E-9C1F31864887}
		{2233AB6C-95AF-43EB-9AAD-B83CFB1E543C} = {DF1A337A-B5B5-4921-AE7E-9C1F31864887}
	EndGlobalSection
	GlobalSection(ExtensibilityGlobals) = postSolution
		SolutionGuid = {F41C890D-60B6-4A9D-98D2-8AFEE173DC01}
	EndGlobalSection
EndGlobal
